
Microsoft Visual Studio Solution File, Format Version 12.00
# Visual Studio Version 17
VisualStudioVersion = 17.10.34928.147
MinimumVisualStudioVersion = 10.0.40219.1
Project("{FAE04EC0-301F-11D3-BF4B-00C04F79EFBC}") = "DesignPatterns", "DesignPatterns.csproj", "{5DA389F4-581B-4C10-BFE2-7138457641C9}"
EndProject
Global
	GlobalSection(SolutionConfigurationPlatforms) = preSolution
		Debug|Any CPU = Debug|Any CPU
		Release|Any CPU = Release|Any CPU
	EndGlobalSection
	GlobalSection(ProjectConfigurationPlatforms) = postSolution
		{5DA389F4-581B-4C10-BFE2-7138457641C9}.Debug|Any CPU.ActiveCfg = Debug|Any CPU
		{5DA389F4-581B-4C10-BFE2-7138457641C9}.Debug|Any CPU.Build.0 = Debug|Any CPU
		{5DA389F4-581B-4C10-BFE2-7138457641C9}.Release|Any CPU.ActiveCfg = Release|Any CPU
		{5DA389F4-581B-4C10-BFE2-7138457641C9}.Release|Any CPU.Build.0 = Release|Any CPU
	EndGlobalSection
	GlobalSection(SolutionProperties) = preSolution
		HideSolutionNode = FALSE
	EndGlobalSection
	GlobalSection(ExtensibilityGlobals) = postSolution
		SolutionGuid = {CB15D8E4-B644-4512-9E9D-93E8693FBE65}
	EndGlobalSection
EndGlobal
